
Microsoft Visual Studio Solution File, Format Version 12.00
# Visual Studio Version 16
VisualStudioVersion = 16.0.30225.117
MinimumVisualStudioVersion = 10.0.40219.1
Project("{FAE04EC0-301F-11D3-BF4B-00C04F79EFBC}") = "VASEP", "VASEP\VASEP.csproj", "{0CE0BF2C-4DBB-4D33-996B-EE654D98F1B1}"
EndProject
Global
	GlobalSection(SolutionConfigurationPlatforms) = preSolution
		Debug|Any CPU = Debug|Any CPU
		Release|Any CPU = Release|Any CPU
	EndGlobalSection
	GlobalSection(ProjectConfigurationPlatforms) = postSolution
		{0CE0BF2C-4DBB-4D33-996B-EE654D98F1B1}.Debug|Any CPU.ActiveCfg = Debug|Any CPU
		{0CE0BF2C-4DBB-4D33-996B-EE654D98F1B1}.Debug|Any CPU.Build.0 = Debug|Any CPU
		{0CE0BF2C-4DBB-4D33-996B-EE654D98F1B1}.Release|Any CPU.ActiveCfg = Release|Any CPU
		{0CE0BF2C-4DBB-4D33-996B-EE654D98F1B1}.Release|Any CPU.Build.0 = Release|Any CPU
	EndGlobalSection
	GlobalSection(SolutionProperties) = preSolution
		HideSolutionNode = FALSE
	EndGlobalSection
	GlobalSection(ExtensibilityGlobals) = postSolution
		SolutionGuid = {B67740F3-2EC0-41E0-9B26-05BBE218937F}
	EndGlobalSection
EndGlobal
